PODS:
  - ResizeableScrollView (0.1.0)

DEPENDENCIES:
  - ResizeableScrollView (from `../`)

EXTERNAL SOURCES:
  ResizeableScrollView:
    :path: "../"

SPEC CHECKSUMS:
  ResizeableScrollView: d9823005d4ee747984d60889b29ccba666bef0d9

PODFILE CHECKSUM: b6c5fa55168fd29c90829ab03bfaa778a5bf51f3

COCOAPODS: 1.7.2
